<?xml version="1.0" encoding="utf-8"?>
<Project ToolsVersion="4.0" xmlns="http://schemas.microsoft.com/developer/msbuild/2003">
  <ItemGroup>
    <Filter Include="Source Files">
      <UniqueIdentifier>{4FC737F1-C7A5-4376-A066-2A32D752A2FF}</UniqueIdentifier>
      <Extensions>cpp;c;cc;cxx;c++;cppm;ixx;def;odl;idl;hpj;bat;asm;asmx</Extensions>
    </Filter>
    <Filter Include="Header Files">
      <UniqueIdentifier>{93995380-89BD-4b04-88EB-625FBE52EBFB}</UniqueIdentifier>
      <Extensions>h;hh;hpp;hxx;h++;hm;inl;inc;ipp;xsd</Extensions>
    </Filter>
    <Filter Include="Resource Files">
      <UniqueIdentifier>{67DA6AB6-F800-4c08-8B7A-83BB121AAD01}</UniqueIdentifier>
      <Extensions>rc;ico;cur;bmp;dlg;rc2;rct;bin;rgs;gif;jpg;jpeg;jpe;resx;tiff;tif;png;wav;mfcribbon-ms</Extensions>
    </Filter>
  </ItemGroup>
  <ItemGroup>
    <ClCompile Include="5-1 .cpp">
      <Filter>Source Files</Filter>
    </ClCompile>
    <ClCompile Include="5-2.cpp">
      <Filter>Source Files</Filter>
    </ClCompile>
    <ClCompile Include="5-3.cpp">
      <Filter>Source Files</Filter>
    </ClCompile>
    <ClCompile Include="5-4.cpp">
      <Filter>Source Files</Filter>
    </ClCompile>
    <ClCompile Include="5-5.cpp">
      <Filter>Source Files</Filter>
    </ClCompile>
    <ClCompile Include="5-6.cpp">
      <Filter>Source Files</Filter>
    </ClCompile>
    <ClCompile Include="5-7.cpp">
      <Filter>Source Files</Filter>
    </ClCompile>
    <ClCompile Include="5-8.cpp">
      <Filter>Source Files</Filter>
    </ClCompile>
    <ClCompile Include="5-9.cpp">
      <Filter>Source Files</Filter>
    </ClCompile>
    <ClCompile Include="5-10.cpp">
      <Filter>Source Files</Filter>
    </ClCompile>
    <ClCompile Include="5-11.cpp">
      <Filter>Source Files</Filter>
    </ClCompile>
    <ClCompile Include="5-12.cpp">
      <Filter>Source Files</Filter>
    </ClCompile>
    <ClCompile Include="5-13.cpp">
      <Filter>Source Files</Filter>
    </ClCompile>
    <ClCompile Include="5-14.cpp">
      <Filter>Source Files</Filter>
    </ClCompile>
    <ClCompile Include="5-15.cpp">
      <Filter>Source Files</Filter>
    </ClCompile>
    <ClCompile Include="5-16.cpp">
      <Filter>Source Files</Filter>
    </ClCompile>
    <ClCompile Include="5-17.cpp">
      <Filter>Source Files</Filter>
    </ClCompile>
    <ClCompile Include="5-18.cpp">
      <Filter>Source Files</Filter>
    </ClCompile>
    <ClCompile Include="5-19.cpp">
      <Filter>Source Files</Filter>
    </ClCompile>
    <ClCompile Include="5-20.cpp">
      <Filter>Source Files</Filter>
    </ClCompile>
    <ClCompile Include="5-21.cpp">
      <Filter>Source Files</Filter>
    </ClCompile>
    <ClCompile Include="5-22.cpp">
      <Filter>Source Files</Filter>
    </ClCompile>
    <ClCompile Include="5-23.cpp">
      <Filter>Source Files</Filter>
    </ClCompile>
    <ClCompile Include="5-24.cpp">
      <Filter>Source Files</Filter>
    </ClCompile>
    <ClCompile Include="5-25.cpp">
      <Filter>Source Files</Filter>
    </ClCompile>
    <ClCompile Include="5-26.cpp">
      <Filter>Source Files</Filter>
    </ClCompile>
    <ClCompile Include="Programming Challenges 1 .cpp">
      <Filter>Source Files</Filter>
    </ClCompile>
    <ClCompile Include="Programming Challenges 2 .cpp">
      <Filter>Source Files</Filter>
    </ClCompile>
    <ClCompile Include="Programming Challenges 3.cpp">
      <Filter>Source Files</Filter>
    </ClCompile>
    <ClCompile Include="Programming Challenges 4 .cpp">
      <Filter>Source Files</Filter>
    </ClCompile>
    <ClCompile Include="Programming Challenges 5 .cpp">
      <Filter>Source Files</Filter>
    </ClCompile>
    <ClCompile Include="Programming Challenges 6 .cpp">
      <Filter>Source Files</Filter>
    </ClCompile>
    <ClCompile Include="Programming Challenges 7 .cpp">
      <Filter>Source Files</Filter>
    </ClCompile>
    <ClCompile Include="Programming Challenges 8 .cpp">
      <Filter>Source Files</Filter>
    </ClCompile>
    <ClCompile Include="Programming Challenges 9 .cpp">
      <Filter>Source Files</Filter>
    </ClCompile>
    <ClCompile Include="Programming Challenges 10 .cpp">
      <Filter>Source Files</Filter>
    </ClCompile>
    <ClCompile Include="Programming Challenges 11 .cpp">
      <Filter>Source Files</Filter>
    </ClCompile>
    <ClCompile Include="Programming Challenges 12 .cpp">
      <Filter>Source Files</Filter>
    </ClCompile>
    <ClCompile Include="Programming Challenges 13 .cpp">
      <Filter>Source Files</Filter>
    </ClCompile>
    <ClCompile Include="Programming Challenges 14 .cpp">
      <Filter>Source Files</Filter>
    </ClCompile>
    <ClCompile Include="Programming Challenges 15 .cpp">
      <Filter>Source Files</Filter>
    </ClCompile>
    <ClCompile Include="Programming Challenges 16 .cpp">
      <Filter>Source Files</Filter>
    </ClCompile>
    <ClCompile Include="Programming Challenges 17 .cpp">
      <Filter>Source Files</Filter>
    </ClCompile>
    <ClCompile Include="Programming Challenges 18 .cpp">
      <Filter>Source Files</Filter>
    </ClCompile>
    <ClCompile Include="Programming Challenges 19 .cpp">
      <Filter>Source Files</Filter>
    </ClCompile>
    <ClCompile Include="Programming Challenges 20 .cpp">
      <Filter>Source Files</Filter>
    </ClCompile>
    <ClCompile Include="Programming Challenges 21 .cpp">
      <Filter>Source Files</Filter>
    </ClCompile>
    <ClCompile Include="Programming Challenges 22 .cpp">
      <Filter>Source Files</Filter>
    </ClCompile>
    <ClCompile Include="Programming Challenges 23 .cpp">
      <Filter>Source Files</Filter>
    </ClCompile>
    <ClCompile Include="Programming Challenges 24 .cpp">
      <Filter>Source Files</Filter>
    </ClCompile>
    <ClCompile Include="Programming Challenges 25 .cpp">
      <Filter>Source Files</Filter>
    </ClCompile>
    <ClCompile Include="Programming Challenges 26 .cpp">
      <Filter>Source Files</Filter>
    </ClCompile>
  </ItemGroup>
</Project>